// !$*UTF8*$!
{
	archiveVersion = 1;
	classes = {
	};
	objectVersion = 50;
	objects = {

/* Begin PBXBuildFile section */
		68315FDC23515BB6000EEB52 /* AppDelegate.m in Sources */ = {isa = PBXBuildFile; fileRef = 68315FDB23515BB6000EEB52 /* AppDelegate.m */; };
		68315FDF23515BB6000EEB52 /* ViewController.m in Sources */ = {isa = PBXBuildFile; fileRef = 68315FDE23515BB6000EEB52 /* ViewController.m */; };
		68315FE223515BB6000EEB52 /* Main.storyboard in Resources */ = {isa = PBXBuildFile; fileRef = 68315FE023515BB6000EEB52 /* Main.storyboard */; };
		68315FE423515BB7000EEB52 /* Assets.xcassets in Resources */ = {isa = PBXBuildFile; fileRef = 68315FE323515BB7000EEB52 /* Assets.xcassets */; };
		68315FE723515BB7000EEB52 /* LaunchScreen.storyboard in Resources */ = {isa = PBXBuildFile; fileRef = 68315FE523515BB7000EEB52 /* LaunchScreen.storyboard */; };
		68315FEA23515BB7000EEB52 /* main.m in Sources */ = {isa = PBXBuildFile; fileRef = 68315FE923515BB7000EEB52 /* main.m */; };
		6831604423516626000EEB52 /* FrameworkTest.framework in Frameworks */ = {isa = PBXBuildFile; fileRef = 6831604323516626000EEB52 /* FrameworkTest.framework */; };
		6831604523516626000EEB52 /* FrameworkTest.framework in Embed Frameworks */ = {isa = PBXBuildFile; fileRef = 6831604323516626000EEB52 /* FrameworkTest.framework */; settings = {ATTRIBUTES = (CodeSignOnCopy, RemoveHeadersOnCopy, ); }; };
/* End PBXBuildFile section */

/* Begin PBXCopyFilesBuildPhase section */
		6831600123515C3D000EEB52 /* Embed Frameworks */ = {
			isa = PBXCopyFilesBuildPhase;
			buildActionMask = 2147483647;
			dstPath = "";
			dstSubfolderSpec = 10;
			files = (
				6831604523516626000EEB52 /* FrameworkTest.framework in Embed Frameworks */,
			);
			name = "Embed Frameworks";
			runOnlyForDeploymentPostprocessing = 0;
		};
/* End PBXCopyFilesBuildPhase section */

/* Begin PBXFileReference section */
		68315FD723515BB6000EEB52 /* FrameworkTestDemo.app */ = {isa = PBXFileReference; explicitFileType = wrapper.application; includeInIndex = 0; path = FrameworkTestDemo.app; sourceTree = BUILT_PRODUCTS_DIR; };
		68315FDA23515BB6000EEB52 /* AppDelegate.h */ = {isa = PBXFileReference; lastKnownFileType = sourcecode.c.h; path = AppDelegate.h; sourceTree = "<group>"; };
		68315FDB23515BB6000EEB52 /* AppDelegate.m */ = {isa = PBXFileReference; lastKnownFileType = sourcecode.c.objc; path = AppDelegate.m; sourceTree = "<group>"; };
		68315FDD23515BB6000EEB52 /* ViewController.h */ = {isa = PBXFileReference; lastKnownFileType = sourcecode.c.h; path = ViewController.h; sourceTree = "<group>"; };
		68315FDE23515BB6000EEB52 /* ViewController.m */ = {isa = PBXFileReference; lastKnownFileType = sourcecode.c.objc; path = ViewController.m; sourceTree = "<group>"; };
		68315FE123515BB6000EEB52 /* Base */ = {isa = PBXFileReference; lastKnownFileType = file.storyboard; name = Base; path = Base.lproj/Main.storyboard; sourceTree = "<group>"; };
		68315FE323515BB7000EEB52 /* Assets.xcassets */ = {isa = PBXFileReference; lastKnownFileType = folder.assetcatalog; path = Assets.xcassets; sourceTree = "<group>"; };
		68315FE623515BB7000EEB52 /* Base */ = {isa = PBXFileReference; lastKnownFileType = file.storyboard; name = Base; path = Base.lproj/LaunchScreen.storyboard; sourceTree = "<group>"; };
		68315FE823515BB7000EEB52 /* Info.plist */ = {isa = PBXFileReference; lastKnownFileType = text.plist.xml; path = Info.plist; sourceTree = "<group>"; };
		68315FE923515BB7000EEB52 /* main.m */ = {isa = PBXFileReference; lastKnownFileType = sourcecode.c.objc; path = main.m; sourceTree = "<group>"; };
		6831604323516626000EEB52 /* FrameworkTest.framework */ = {isa = PBXFileReference; explicitFileType = wrapper.framework; path = FrameworkTest.framework; sourceTree = BUILT_PRODUCTS_DIR; };
/* End PBXFileReference section */

/* Begin PBXFrameworksBuildPhase section */
		68315FD423515BB6000EEB52 /* Frameworks */ = {
			isa = PBXFrameworksBuildPhase;
			buildActionMask = 2147483647;
			files = (
				6831604423516626000EEB52 /* FrameworkTest.framework in Frameworks */,
			);
			runOnlyForDeploymentPostprocessing = 0;
		};
/* End PBXFrameworksBuildPhase section */

/* Begin PBXGroup section */
		68315FCE23515BB6000EEB52 = {
			isa = PBXGroup;
			children = (
				6831604323516626000EEB52 /* FrameworkTest.framework */,
				68315FD923515BB6000EEB52 /* FrameworkTestDemo */,
				68315FD823515BB6000EEB52 /* Products */,
			);
			sourceTree = "<group>";
		};
		68315FD823515BB6000EEB52 /* Products */ = {
			isa = PBXGroup;
			children = (
				68315FD723515BB6000EEB52 /* FrameworkTestDemo.app */,
			);
			name = Products;
			sourceTree = "<group>";
		};
		68315FD923515BB6000EEB52 /* FrameworkTestDemo */ = {
			isa = PBXGroup;
			children = (
				68315FDA23515BB6000EEB52 /* AppDelegate.h */,
				68315FDB23515BB6000EEB52 /* AppDelegate.m */,
				68315FDD23515BB6000EEB52 /* ViewController.h */,
				68315FDE23515BB6000EEB52 /* ViewController.m */,
				68315FE023515BB6000EEB52 /* Main.storyboard */,
				68315FE323515BB7000EEB52 /* Assets.xcassets */,
				68315FE523515BB7000EEB52 /* LaunchScreen.storyboard */,
				68315FE823515BB7000EEB52 /* Info.plist */,
				68315FE923515BB7000EEB52 /* main.m */,
			);
			path = FrameworkTestDemo;
			sourceTree = "<group>";
		};
/* End PBXGroup section */

/* Begin PBXNativeTarget section */
		68315FD623515BB6000EEB52 /* FrameworkTestDemo */ = {
			isa = PBXNativeTarget;
			buildConfigurationList = 68315FED23515BB7000EEB52 /* Build configuration list for PBXNativeTarget "FrameworkTestDemo" */;
			buildPhases = (
				68315FD323515BB6000EEB52 /* Sources */,
				68315FD423515BB6000EEB52 /* Frameworks */,
				68315FD523515BB6000EEB52 /* Resources */,
				6831600123515C3D000EEB52 /* Embed Frameworks */,
			);
			buildRules = (
			);
			dependencies = (
			);
			name = FrameworkTestDemo;
			productName = FrameworkTestDemo;
			productReference = 68315FD723515BB6000EEB52 /* FrameworkTestDemo.app */;
			productType = "com.apple.product-type.application";
		};
/* End PBXNativeTarget section */

/* Begin PBXProject section */
		68315FCF23515BB6000EEB52 /* Project object */ = {
			isa = PBXProject;
			attributes = {
				LastUpgradeCheck = 1020;
				ORGANIZATIONNAME = TP;
				TargetAttributes = {
					68315FD623515BB6000EEB52 = {
						CreatedOnToolsVersion = 10.2.1;
					};
				};
			};
			buildConfigurationList = 68315FD223515BB6000EEB52 /* Build configuration list for PBXProject "FrameworkTestDemo" */;
			compatibilityVersion = "Xcode 9.3";
			developmentRegion = en;
			hasScannedForEncodings = 0;
			knownRegions = (
				en,
				Base,
			);
			mainGroup = 68315FCE23515BB6000EEB52;
			productRefGroup = 68315FD823515BB6000EEB52 /* Products */;
			projectDirPath = "";
			projectRoot = "";
			targets = (
				68315FD623515BB6000EEB52 /* FrameworkTestDemo */,
			);
		};
/* End PBXProject section */

/* Begin PBXResourcesBuildPhase section */
		68315FD523515BB6000EEB52 /* Resources */ = {
			isa = PBXResourcesBuildPhase;
			buildActionMask = 2147483647;
			files = (
				68315FE723515BB7000EEB52 /* LaunchScreen.storyboard in Resources */,
				68315FE423515BB7000EEB52 /* Assets.xcassets in Resources */,
				68315FE223515BB6000EEB52 /* Main.storyboard in Resources */,
			);
			runOnlyForDeploymentPostprocessing = 0;
		};
/* End PBXResourcesBuildPhase section */

/* Begin PBXSourcesBuildPhase section */
		68315FD323515BB6000EEB52 /* Sources */ = {
			isa = PBXSourcesBuildPhase;
			buildActionMask = 2147483647;
			files = (
				68315FDF23515BB6000EEB52 /* ViewController.m in Sources */,
				68315FEA23515BB7000EEB52 /* main.m in Sources */,
				68315FDC23515BB6000EEB52 /* AppDelegate.m in Sources */,
			);
			runOnlyForDeploymentPostprocessing = 0;
		};
/* End PBXSourcesBuildPhase section */

/* Begin PBXVariantGroup section */
		68315FE023515BB6000EEB52 /* Main.storyboard */ = {
			isa = PBXVariantGroup;
			children = (
				68315FE123515BB6000EEB52 /* Base */,
			);
			name = Main.storyboard;
			sourceTree = "<group>";
		};
		68315FE523515BB7000EEB52 /* LaunchScreen.storyboard */ = {
			isa = PBXVariantGroup;
			children = (
				68315FE623515BB7000EEB52 /* Base */,
			);
			name = LaunchScreen.storyboard;
			sourceTree = "<group>";
		};
/* End PBXVariantGroup section */

/* Begin XCBuildConfiguration section */
		68315FEB23515BB7000EEB52 /* Debug */ = {
			isa = XCBuildConfiguration;
			buildSettings = {
				ALWAYS_SEARCH_USER_PATHS = NO;
				CLANG_ANALYZER_NONNULL = YES;
				CLANG_ANALYZER_NUMBER_OBJECT_CONVERSION = YES_AGGRESSIVE;
				CLANG_CXX_LANGUAGE_STANDARD = "gnu++14";
				CLANG_CXX_LIBRARY = "libc++";
				CLANG_ENABLE_MODULES = YES;
				CLANG_ENABLE_OBJC_ARC = YES;
				CLANG_ENABLE_OBJC_WEAK = YES;
				CLANG_WARN_BLOCK_CAPTURE_AUTORELEASING = YES;
				CLANG_WARN_BOOL_CONVERSION = YES;
				CLANG_WARN_COMMA = YES;
				CLANG_WARN_CONSTANT_CONVERSION = YES;
				CLANG_WARN_DEPRECATED_OBJC_IMPLEMENTATIONS = YES;
				CLANG_WARN_DIRECT_OBJC_ISA_USAGE = YES_ERROR;
				CLANG_WARN_DOCUMENTATION_COMMENTS = YES;
				CLANG_WARN_EMPTY_BODY = YES;
				CLANG_WARN_ENUM_CONVERSION = YES;
				CLANG_WARN_INFINITE_RECURSION = YES;
				CLANG_WARN_INT_CONVERSION = YES;
				CLANG_WARN_NON_LITERAL_NULL_CONVERSION = YES;
				CLANG_WARN_OBJC_IMPLICIT_RETAIN_SELF = YES;
				CLANG_WARN_OBJC_LITERAL_CONVERSION = YES;
				CLANG_WARN_OBJC_ROOT_CLASS = YES_ERROR;
				CLANG_WARN_RANGE_LOOP_ANALYSIS = YES;
				CLANG_WARN_STRICT_PROTOTYPES = YES;
				CLANG_WARN_SUSPICIOUS_MOVE = YES;
				CLANG_WARN_UNGUARDED_AVAILABILITY = YES_AGGRESSIVE;
				CLANG_WARN_UNREACHABLE_CODE = YES;
				CLANG_WARN__DUPLICATE_METHOD_MATCH = YES;
				CODE_SIGN_IDENTITY = "iPhone Developer";
				COPY_PHASE_STRIP = NO;
				DEBUG_INFORMATION_FORMAT = dwarf;
				ENABLE_STRICT_OBJC_MSGSEND = YES;
				ENABLE_TESTABILITY = YES;
				GCC_C_LANGUAGE_STANDARD = gnu11;
				GCC_DYNAMIC_NO_PIC = NO;
				GCC_NO_COMMON_BLOCKS = YES;
				GCC_OPTIMIZATION_LEVEL = 0;
				GCC_PREPROCESSOR_DEFINITIONS = (
					"DEBUG=1",
					"$(inherited)",
				);
				GCC_WARN_64_TO_32_BIT_CONVERSION = YES;
				GCC_WARN_ABOUT_RETURN_TYPE = YES_ERROR;
				GCC_WARN_UNDECLARED_SELECTOR = YES;
				GCC_WARN_UNINITIALIZED_AUTOS = YES_AGGRESSIVE;
				GCC_WARN_UNUSED_FUNCTION = YES;
				GCC_WARN_UNUSED_VARIABLE = YES;
				IPHONEOS_DEPLOYMENT_TARGET = 12.2;
				MTL_ENABLE_DEBUG_INFO = INCLUDE_SOURCE;
				MTL_FAST_MATH = YES;
				ONLY_ACTIVE_ARCH = YES;
				SDKROOT = iphoneos;
			};
			name = Debug;
		};
		68315FEC23515BB7000EEB52 /* Release */ = {
			isa = XCBuildConfiguration;
			buildSettings = {
				ALWAYS_SEARCH_USER_PATHS = NO;
				CLANG_ANALYZER_NONNULL = YES;
				CLANG_ANALYZER_NUMBER_OBJECT_CONVERSION = YES_AGGRESSIVE;
				CLANG_CXX_LANGUAGE_STANDARD = "gnu++14";
				CLANG_CXX_LIBRARY = "libc++";
				CLANG_ENABLE_MODULES = YES;
				CLANG_ENABLE_OBJC_ARC = YES;
				CLANG_ENABLE_OBJC_WEAK = YES;
				CLANG_WARN_BLOCK_CAPTURE_AUTORELEASING = YES;
				CLANG_WARN_BOOL_CONVERSION = YES;
				CLANG_WARN_COMMA = YES;
				CLANG_WARN_CONSTANT_CONVERSION = YES;
				CLANG_WARN_DEPRECATED_OBJC_IMPLEMENTATIONS = YES;
				CLANG_WARN_DIRECT_OBJC_ISA_USAGE = YES_ERROR;
				CLANG_WARN_DOCUMENTATION_COMMENTS = YES;
				CLANG_WARN_EMPTY_BODY = YES;
				CLANG_WARN_ENUM_CONVERSION = YES;
				CLANG_WARN_INFINITE_RECURSION = YES;
				CLANG_WARN_INT_CONVERSION = YES;
				CLANG_WARN_NON_LITERAL_NULL_CONVERSION = YES;
				CLANG_WARN_OBJC_IMPLICIT_RETAIN_SELF = YES;
				CLANG_WARN_OBJC_LITERAL_CONVERSION = YES;
				CLANG_WARN_OBJC_ROOT_CLASS = YES_ERROR;
				CLANG_WARN_RANGE_LOOP_ANALYSIS = YES;
				CLANG_WARN_STRICT_PROTOTYPES = YES;
				CLANG_WARN_SUSPICIOUS_MOVE = YES;
				CLANG_WARN_UNGUARDED_AVAILABILITY = YES_AGGRESSIVE;
				CLANG_WARN_UNREACHABLE_CODE = YES;
				CLANG_WARN__DUPLICATE_METHOD_MATCH = YES;
				CODE_SIGN_IDENTITY = "iPhone Developer";
				COPY_PHASE_STRIP = NO;
				DEBUG_INFORMATION_FORMAT = "dwarf-with-dsym";
				ENABLE_NS_ASSERTIONS = NO;
				ENABLE_STRICT_OBJC_MSGSEND = YES;
				GCC_C_LANGUAGE_STANDARD = gnu11;
				GCC_NO_COMMON_BLOCKS = YES;
				GCC_WARN_64_TO_32_BIT_CONVERSION = YES;
				GCC_WARN_ABOUT_RETURN_TYPE = YES_ERROR;
				GCC_WARN_UNDECLARED_SELECTOR = YES;
				GCC_WARN_UNINITIALIZED_AUTOS = YES_AGGRESSIVE;
				GCC_WARN_UNUSED_FUNCTION = YES;
				GCC_WARN_UNUSED_VARIABLE = YES;
				IPHONEOS_DEPLOYMENT_TARGET = 12.2;
				MTL_ENABLE_DEBUG_INFO = NO;
				MTL_FAST_MATH = YES;
				SDKROOT = iphoneos;
				VALIDATE_PRODUCT = YES;
			};
			name = Release;
		};
		68315FEE23515BB7000EEB52 /* Debug */ = {
			isa = XCBuildConfiguration;
			buildSettings = {
				ASSETCATALOG_COMPILER_APPICON_NAME = AppIcon;
				CODE_SIGN_STYLE = Automatic;
				DEVELOPMENT_TEAM = TKX5FSG78V;
				INFOPLIST_FILE = FrameworkTestDemo/Info.plist;
				IPHONEOS_DEPLOYMENT_TARGET = 9.1;
				LD_RUNPATH_SEARCH_PATHS = (
					"$(inherited)",
					"@executable_path/Frameworks",
				);
				PRODUCT_BUNDLE_IDENTIFIER = com.FrameworkTestDemo;
				PRODUCT_NAME = "$(TARGET_NAME)";
				TARGETED_DEVICE_FAMILY = "1,2";
			};
			name = Debug;
		};
		68315FEF23515BB7000EEB52 /* Release */ = {
			isa = XCBuildConfiguration;
			buildSettings = {
				ASSETCATALOG_COMPILER_APPICON_NAME = AppIcon;
				CODE_SIGN_STYLE = Automatic;
				DEVELOPMENT_TEAM = TKX5FSG78V;
				INFOPLIST_FILE = FrameworkTestDemo/Info.plist;
				IPHONEOS_DEPLOYMENT_TARGET = 9.1;
				LD_RUNPATH_SEARCH_PATHS = (
					"$(inherited)",
					"@executable_path/Frameworks",
				);
				PRODUCT_BUNDLE_IDENTIFIER = com.FrameworkTestDemo;
				PRODUCT_NAME = "$(TARGET_NAME)";
				TARGETED_DEVICE_FAMILY = "1,2";
			};
			name = Release;
		};
/* End XCBuildConfiguration section */

/* Begin XCConfigurationList section */
		68315FD223515BB6000EEB52 /* Build configuration list for PBXProject "FrameworkTestDemo" */ = {
			isa = XCConfigurationList;
			buildConfigurations = (
				68315FEB23515BB7000EEB52 /* Debug */,
				68315FEC23515BB7000EEB52 /* Release */,
			);
			defaultConfigurationIsVisible = 0;
			defaultConfigurationName = Release;
		};
		68315FED23515BB7000EEB52 /* Build configuration list for PBXNativeTarget "FrameworkTestDemo" */ = {
			isa = XCConfigurationList;
			buildConfigurations = (
				68315FEE23515BB7000EEB52 /* Debug */,
				68315FEF23515BB7000EEB52 /* Release */,
			);
			defaultConfigurationIsVisible = 0;
			defaultConfigurationName = Release;
		};
/* End XCConfigurationList section */
	};
	rootObject = 68315FCF23515BB6000EEB52 /* Project object */;
}
